// !$*UTF8*$!
{
	archiveVersion = 1;
	classes = {
	};
	objectVersion = 46;
	objects = {

/* Begin PBXBuildFile section */
		21FD93DA1D9D595600C2AEAA /* LaunchScreen.storyboard in Resources */ = {isa = PBXBuildFile; fileRef = 21FD93D81D9D595600C2AEAA /* LaunchScreen.storyboard */; };
		AC6C29991D5A2A580042BC41 /* AppDelegate.swift in Sources */ = {isa = PBXBuildFile; fileRef = AC6C29981D5A2A580042BC41 /* AppDelegate.swift */; };
		AC6C299B1D5A2A580042BC41 /* ViewController.swift in Sources */ = {isa = PBXBuildFile; fileRef = AC6C299A1D5A2A580042BC41 /* ViewController.swift */; };
		AC6C299E1D5A2A580042BC41 /* Main.storyboard in Resources */ = {isa = PBXBuildFile; fileRef = AC6C299C1D5A2A580042BC41 /* Main.storyboard */; };
		AC6C29A01D5A2A580042BC41 /* Assets.xcassets in Resources */ = {isa = PBXBuildFile; fileRef = AC6C299F1D5A2A580042BC41 /* Assets.xcassets */; };
		AC6C29AB1D5A2B6F0042BC41 /* CurtainAnimationController.swift in Sources */ = {isa = PBXBuildFile; fileRef = AC6C29AA1D5A2B6F0042BC41 /* CurtainAnimationController.swift */; };
		AC6C29AD1D5A3CD40042BC41 /* ViewControllerToPresent.swift in Sources */ = {isa = PBXBuildFile; fileRef = AC6C29AC1D5A3CD40042BC41 /* ViewControllerToPresent.swift */; };
/* End PBXBuildFile section */

/* Begin PBXFileReference section */
		21FD93D91D9D595600C2AEAA /* Base */ = {isa = PBXFileReference; lastKnownFileType = file.storyboard; name = Base; path = curtainAnimation/Base.lproj/LaunchScreen.storyboard; sourceTree = SOURCE_ROOT; };
		AC6C29951D5A2A580042BC41 /* curtainAnimation.app */ = {isa = PBXFileReference; explicitFileType = wrapper.application; includeInIndex = 0; path = curtainAnimation.app; sourceTree = BUILT_PRODUCTS_DIR; };
		AC6C29981D5A2A580042BC41 /* AppDelegate.swift */ = {isa = PBXFileReference; lastKnownFileType = sourcecode.swift; name = AppDelegate.swift; path = ../curtainAnimation/AppDelegate.swift; sourceTree = "<group>"; };
		AC6C299A1D5A2A580042BC41 /* ViewController.swift */ = {isa = PBXFileReference; lastKnownFileType = sourcecode.swift; name = ViewController.swift; path = ../curtainAnimation/ViewController.swift; sourceTree = "<group>"; };
		AC6C299D1D5A2A580042BC41 /* Base */ = {isa = PBXFileReference; lastKnownFileType = file.storyboard; name = Base; path = Base.lproj/Main.storyboard; sourceTree = "<group>"; };
		AC6C299F1D5A2A580042BC41 /* Assets.xcassets */ = {isa = PBXFileReference; lastKnownFileType = folder.assetcatalog; name = Assets.xcassets; path = ../curtainAnimation/Assets.xcassets; sourceTree = "<group>"; };
		AC6C29A41D5A2A580042BC41 /* Info.plist */ = {isa = PBXFileReference; lastKnownFileType = text.plist.xml; name = Info.plist; path = ../curtainAnimation/Info.plist; sourceTree = "<group>"; };
		AC6C29AA1D5A2B6F0042BC41 /* CurtainAnimationController.swift */ = {isa = PBXFileReference; fileEncoding = 4; lastKnownFileType = sourcecode.swift; name = CurtainAnimationController.swift; path = ../curtainAnimation/CurtainAnimationController.swift; sourceTree = "<group>"; };
		AC6C29AC1D5A3CD40042BC41 /* ViewControllerToPresent.swift */ = {isa = PBXFileReference; fileEncoding = 4; lastKnownFileType = sourcecode.swift; name = ViewControllerToPresent.swift; path = ../curtainAnimation/ViewControllerToPresent.swift; sourceTree = "<group>"; };
		D7C3800B81F72DE9CDE4E3C9 /* Pods_curtainTest.framework */ = {isa = PBXFileReference; explicitFileType = wrapper.framework; includeInIndex = 0; path = Pods_curtainTest.framework; sourceTree = BUILT_PRODUCTS_DIR; };
/* End PBXFileReference section */

/* Begin PBXFrameworksBuildPhase section */
		AC6C29921D5A2A580042BC41 /* Frameworks */ = {
			isa = PBXFrameworksBuildPhase;
			buildActionMask = 2147483647;
			files = (
			);
			runOnlyForDeploymentPostprocessing = 0;
		};
/* End PBXFrameworksBuildPhase section */

/* Begin PBXGroup section */
		85CE395E99001AC0780B20E4 /* Frameworks */ = {
			isa = PBXGroup;
			children = (
				D7C3800B81F72DE9CDE4E3C9 /* Pods_curtainTest.framework */,
			);
			name = Frameworks;
			sourceTree = "<group>";
		};
		AC6C298C1D5A2A570042BC41 = {
			isa = PBXGroup;
			children = (
				AC6C29971D5A2A580042BC41 /* curtainAnimation */,
				AC6C29961D5A2A580042BC41 /* Products */,
				85CE395E99001AC0780B20E4 /* Frameworks */,
			);
			sourceTree = "<group>";
		};
		AC6C29961D5A2A580042BC41 /* Products */ = {
			isa = PBXGroup;
			children = (
				AC6C29951D5A2A580042BC41 /* curtainAnimation.app */,
			);
			name = Products;
			sourceTree = "<group>";
		};
		AC6C29971D5A2A580042BC41 /* curtainAnimation */ = {
			isa = PBXGroup;
			children = (
				AC6C29981D5A2A580042BC41 /* AppDelegate.swift */,
				AC6C299A1D5A2A580042BC41 /* ViewController.swift */,
				AC6C29AC1D5A3CD40042BC41 /* ViewControllerToPresent.swift */,
				AC6C29AA1D5A2B6F0042BC41 /* CurtainAnimationController.swift */,
				AC6C299C1D5A2A580042BC41 /* Main.storyboard */,
				AC6C299F1D5A2A580042BC41 /* Assets.xcassets */,
				21FD93D81D9D595600C2AEAA /* LaunchScreen.storyboard */,
				AC6C29A41D5A2A580042BC41 /* Info.plist */,
			);
			name = curtainAnimation;
			path = curtainTest;
			sourceTree = "<group>";
		};
/* End PBXGroup section */

/* Begin PBXNativeTarget section */
		AC6C29941D5A2A580042BC41 /* curtainAnimation */ = {
			isa = PBXNativeTarget;
			buildConfigurationList = AC6C29A71D5A2A580042BC41 /* Build configuration list for PBXNativeTarget "curtainAnimation" */;
			buildPhases = (
				AC6C29911D5A2A580042BC41 /* Sources */,
				AC6C29921D5A2A580042BC41 /* Frameworks */,
				AC6C29931D5A2A580042BC41 /* Resources */,
			);
			buildRules = (
			);
			dependencies = (
			);
			name = curtainAnimation;
			productName = curtainTest;
			productReference = AC6C29951D5A2A580042BC41 /* curtainAnimation.app */;
			productType = "com.apple.product-type.application";
		};
/* End PBXNativeTarget section */

/* Begin PBXProject section */
		AC6C298D1D5A2A580042BC41 /* Project object */ = {
			isa = PBXProject;
			attributes = {
				LastSwiftUpdateCheck = 0730;
				LastUpgradeCheck = 0730;
				ORGANIZATIONNAME = Artem;
				TargetAttributes = {
					AC6C29941D5A2A580042BC41 = {
						CreatedOnToolsVersion = 7.3.1;
					};
				};
			};
			buildConfigurationList = AC6C29901D5A2A580042BC41 /* Build configuration list for PBXProject "curtainAnimation" */;
			compatibilityVersion = "Xcode 3.2";
			developmentRegion = English;
			hasScannedForEncodings = 0;
			knownRegions = (
				en,
				Base,
			);
			mainGroup = AC6C298C1D5A2A570042BC41;
			productRefGroup = AC6C29961D5A2A580042BC41 /* Products */;
			projectDirPath = "";
			projectRoot = "";
			targets = (
				AC6C29941D5A2A580042BC41 /* curtainAnimation */,
			);
		};
/* End PBXProject section */

/* Begin PBXResourcesBuildPhase section */
		AC6C29931D5A2A580042BC41 /* Resources */ = {
			isa = PBXResourcesBuildPhase;
			buildActionMask = 2147483647;
			files = (
				21FD93DA1D9D595600C2AEAA /* LaunchScreen.storyboard in Resources */,
				AC6C29A01D5A2A580042BC41 /* Assets.xcassets in Resources */,
				AC6C299E1D5A2A580042BC41 /* Main.storyboard in Resources */,
			);
			runOnlyForDeploymentPostprocessing = 0;
		};
/* End PBXResourcesBuildPhase section */

/* Begin PBXSourcesBuildPhase section */
		AC6C29911D5A2A580042BC41 /* Sources */ = {
			isa = PBXSourcesBuildPhase;
			buildActionMask = 2147483647;
			files = (
				AC6C299B1D5A2A580042BC41 /* ViewController.swift in Sources */,
				AC6C29AB1D5A2B6F0042BC41 /* CurtainAnimationController.swift in Sources */,
				AC6C29991D5A2A580042BC41 /* AppDelegate.swift in Sources */,
				AC6C29AD1D5A3CD40042BC41 /* ViewControllerToPresent.swift in Sources */,
			);
			runOnlyForDeploymentPostprocessing = 0;
		};
/* End PBXSourcesBuildPhase section */

/* Begin PBXVariantGroup section */
		21FD93D81D9D595600C2AEAA /* LaunchScreen.storyboard */ = {
			isa = PBXVariantGroup;
			children = (
				21FD93D91D9D595600C2AEAA /* Base */,
			);
			name = LaunchScreen.storyboard;
			sourceTree = "<group>";
		};
		AC6C299C1D5A2A580042BC41 /* Main.storyboard */ = {
			isa = PBXVariantGroup;
			children = (
				AC6C299D1D5A2A580042BC41 /* Base */,
			);
			name = Main.storyboard;
			path = ../curtainAnimation;
			sourceTree = "<group>";
		};
/* End PBXVariantGroup section */

/* Begin XCBuildConfiguration section */
		AC6C29A51D5A2A580042BC41 /* Debug */ = {
			isa = XCBuildConfiguration;
			buildSettings = {
				ALWAYS_SEARCH_USER_PATHS = NO;
				CLANG_ANALYZER_NONNULL = YES;
				CLANG_CXX_LANGUAGE_STANDARD = "gnu++0x";
				CLANG_CXX_LIBRARY = "libc++";
				CLANG_ENABLE_MODULES = YES;
				CLANG_ENABLE_OBJC_ARC = YES;
				CLANG_WARN_BOOL_CONVERSION = YES;
				CLANG_WARN_CONSTANT_CONVERSION = YES;
				CLANG_WARN_DIRECT_OBJC_ISA_USAGE = YES_ERROR;
				CLANG_WARN_EMPTY_BODY = YES;
				CLANG_WARN_ENUM_CONVERSION = YES;
				CLANG_WARN_INT_CONVERSION = YES;
				CLANG_WARN_OBJC_ROOT_CLASS = YES_ERROR;
				CLANG_WARN_UNREACHABLE_CODE = YES;
				CLANG_WARN__DUPLICATE_METHOD_MATCH = YES;
				"CODE_SIGN_IDENTITY[sdk=iphoneos*]" = "iPhone Developer";
				COPY_PHASE_STRIP = NO;
				DEBUG_INFORMATION_FORMAT = dwarf;
				ENABLE_STRICT_OBJC_MSGSEND = YES;
				ENABLE_TESTABILITY = YES;
				GCC_C_LANGUAGE_STANDARD = gnu99;
				GCC_DYNAMIC_NO_PIC = NO;
				GCC_NO_COMMON_BLOCKS = YES;
				GCC_OPTIMIZATION_LEVEL = 0;
				GCC_PREPROCESSOR_DEFINITIONS = (
					"DEBUG=1",
					"$(inherited)",
				);
				GCC_WARN_64_TO_32_BIT_CONVERSION = YES;
				GCC_WARN_ABOUT_RETURN_TYPE = YES_ERROR;
				GCC_WARN_UNDECLARED_SELECTOR = YES;
				GCC_WARN_UNINITIALIZED_AUTOS = YES_AGGRESSIVE;
				GCC_WARN_UNUSED_FUNCTION = YES;
				GCC_WARN_UNUSED_VARIABLE = YES;
				IPHONEOS_DEPLOYMENT_TARGET = 9.3;
				MTL_ENABLE_DEBUG_INFO = YES;
				ONLY_ACTIVE_ARCH = YES;
				SDKROOT = iphoneos;
				SWIFT_OPTIMIZATION_LEVEL = "-Onone";
				TARGETED_DEVICE_FAMILY = "1,2";
			};
			name = Debug;
		};
		AC6C29A61D5A2A580042BC41 /* Release */ = {
			isa = XCBuildConfiguration;
			buildSettings = {
				ALWAYS_SEARCH_USER_PATHS = NO;
				CLANG_ANALYZER_NONNULL = YES;
				CLANG_CXX_LANGUAGE_STANDARD = "gnu++0x";
				CLANG_CXX_LIBRARY = "libc++";
				CLANG_ENABLE_MODULES = YES;
				CLANG_ENABLE_OBJC_ARC = YES;
				CLANG_WARN_BOOL_CONVERSION = YES;
				CLANG_WARN_CONSTANT_CONVERSION = YES;
				CLANG_WARN_DIRECT_OBJC_ISA_USAGE = YES_ERROR;
				CLANG_WARN_EMPTY_BODY = YES;
				CLANG_WARN_ENUM_CONVERSION = YES;
				CLANG_WARN_INT_CONVERSION = YES;
				CLANG_WARN_OBJC_ROOT_CLASS = YES_ERROR;
				CLANG_WARN_UNREACHABLE_CODE = YES;
				CLANG_WARN__DUPLICATE_METHOD_MATCH = YES;
				"CODE_SIGN_IDENTITY[sdk=iphoneos*]" = "iPhone Developer";
				COPY_PHASE_STRIP = NO;
				DEBUG_INFORMATION_FORMAT = "dwarf-with-dsym";
				ENABLE_NS_ASSERTIONS = NO;
				ENABLE_STRICT_OBJC_MSGSEND = YES;
				GCC_C_LANGUAGE_STANDARD = gnu99;
				GCC_NO_COMMON_BLOCKS = YES;
				GCC_WARN_64_TO_32_BIT_CONVERSION = YES;
				GCC_WARN_ABOUT_RETURN_TYPE = YES_ERROR;
				GCC_WARN_UNDECLARED_SELECTOR = YES;
				GCC_WARN_UNINITIALIZED_AUTOS = YES_AGGRESSIVE;
				GCC_WARN_UNUSED_FUNCTION = YES;
				GCC_WARN_UNUSED_VARIABLE = YES;
				IPHONEOS_DEPLOYMENT_TARGET = 9.3;
				MTL_ENABLE_DEBUG_INFO = NO;
				SDKROOT = iphoneos;
				TARGETED_DEVICE_FAMILY = "1,2";
				VALIDATE_PRODUCT = YES;
			};
			name = Release;
		};
		AC6C29A81D5A2A580042BC41 /* Debug */ = {
			isa = XCBuildConfiguration;
			buildSettings = {
				ASSETCATALOG_COMPILER_APPICON_NAME = AppIcon;
				INFOPLIST_FILE = "$(SRCROOT)/curtainAnimation/Info.plist";
				LD_RUNPATH_SEARCH_PATHS = "$(inherited) @executable_path/Frameworks";
				PRODUCT_BUNDLE_IDENTIFIER = com.appload.curtainTest;
				PRODUCT_NAME = curtainAnimation;
			};
			name = Debug;
		};
		AC6C29A91D5A2A580042BC41 /* Release */ = {
			isa = XCBuildConfiguration;
			buildSettings = {
				ASSETCATALOG_COMPILER_APPICON_NAME = AppIcon;
				INFOPLIST_FILE = "$(SRCROOT)/curtainAnimation/Info.plist";
				LD_RUNPATH_SEARCH_PATHS = "$(inherited) @executable_path/Frameworks";
				PRODUCT_BUNDLE_IDENTIFIER = com.appload.curtainTest;
				PRODUCT_NAME = curtainAnimation;
			};
			name = Release;
		};
/* End XCBuildConfiguration section */

/* Begin XCConfigurationList section */
		AC6C29901D5A2A580042BC41 /* Build configuration list for PBXProject "curtainAnimation" */ = {
			isa = XCConfigurationList;
			buildConfigurations = (
				AC6C29A51D5A2A580042BC41 /* Debug */,
				AC6C29A61D5A2A580042BC41 /* Release */,
			);
			defaultConfigurationIsVisible = 0;
			defaultConfigurationName = Release;
		};
		AC6C29A71D5A2A580042BC41 /* Build configuration list for PBXNativeTarget "curtainAnimation" */ = {
			isa = XCConfigurationList;
			buildConfigurations = (
				AC6C29A81D5A2A580042BC41 /* Debug */,
				AC6C29A91D5A2A580042BC41 /* Release */,
			);
			defaultConfigurationIsVisible = 0;
			defaultConfigurationName = Release;
		};
/* End XCConfigurationList section */
	};
	rootObject = AC6C298D1D5A2A580042BC41 /* Project object */;
}
